github.com/ruomm/goxframework v0.2.2 h1:5eD87Brwgmh0RbLsxqgUrNuG4fFB++93oGoKJ4+z2Fg=
github.com/ruomm/goxframework v0.2.2/go.mod h1:fHH+NwhJ8+YHKxLx4pv+EUufv12IFAm0n5gAaDbccCY=
github.com/ruomm/goxframework v0.2.3 h1:BRXsXbsQjsThhjfw2Q6bcllAzZBcItyIWZWYg1fPtO8=
github.com/ruomm/goxframework v0.2.3/go.mod h1:fHH+NwhJ8+YHKxLx4pv+EUufv12IFAm0n5gAaDbccCY=
